
Microsoft Visual Studio Solution File, Format Version 12.00
# Visual Studio Version 17
VisualStudioVersion = 17.4.33205.214
MinimumVisualStudioVersion = 10.0.40219.1
Project("{FAE04EC0-301F-11D3-BF4B-00C04F79EFBC}") = "FridgeAPI", "FridgeAPI\FridgeAPI.csproj", "{46C53C76-0F37-417B-89FD-14F1650A8C68}"
EndProject
Global
	GlobalSection(SolutionConfigurationPlatforms) = preSolution
		Debug|Any CPU = Debug|Any CPU
		Release|Any CPU = Release|Any CPU
	EndGlobalSection
	GlobalSection(ProjectConfigurationPlatforms) = postSolution
		{46C53C76-0F37-417B-89FD-14F1650A8C68}.Debug|Any CPU.ActiveCfg = Debug|Any CPU
		{46C53C76-0F37-417B-89FD-14F1650A8C68}.Debug|Any CPU.Build.0 = Debug|Any CPU
		{46C53C76-0F37-417B-89FD-14F1650A8C68}.Release|Any CPU.ActiveCfg = Release|Any CPU
		{46C53C76-0F37-417B-89FD-14F1650A8C68}.Release|Any CPU.Build.0 = Release|Any CPU
	EndGlobalSection
	GlobalSection(SolutionProperties) = preSolution
		HideSolutionNode = FALSE
	EndGlobalSection
	GlobalSection(ExtensibilityGlobals) = postSolution
		SolutionGuid = {C5B5D7AF-05F2-4F01-B4FF-14D1E47E74E2}
	EndGlobalSection
EndGlobal
